
Microsoft Visual Studio Solution File, Format Version 12.00
# Visual Studio Version 17
VisualStudioVersion = 17.7.34221.43
MinimumVisualStudioVersion = 10.0.40219.1
Project("{FAE04EC0-301F-11D3-BF4B-00C04F79EFBC}") = "exp8", "exp8\exp8.csproj", "{444659D9-00AD-453E-94F4-9BFF34881801}"
EndProject
Global
	GlobalSection(SolutionConfigurationPlatforms) = preSolution
		Debug|Any CPU = Debug|Any CPU
		Release|Any CPU = Release|Any CPU
	EndGlobalSection
	GlobalSection(ProjectConfigurationPlatforms) = postSolution
		{444659D9-00AD-453E-94F4-9BFF34881801}.Debug|Any CPU.ActiveCfg = Debug|Any CPU
		{444659D9-00AD-453E-94F4-9BFF34881801}.Debug|Any CPU.Build.0 = Debug|Any CPU
		{444659D9-00AD-453E-94F4-9BFF34881801}.Release|Any CPU.ActiveCfg = Release|Any CPU
		{444659D9-00AD-453E-94F4-9BFF34881801}.Release|Any CPU.Build.0 = Release|Any CPU
	EndGlobalSection
	GlobalSection(SolutionProperties) = preSolution
		HideSolutionNode = FALSE
	EndGlobalSection
	GlobalSection(ExtensibilityGlobals) = postSolution
		SolutionGuid = {E2C7278C-07D0-435E-A4E8-DA7A5CF345D8}
	EndGlobalSection
EndGlobal
